
Microsoft Visual Studio Solution File, Format Version 12.00
# Visual Studio Version 17
VisualStudioVersion = 17.6.33815.320
MinimumVisualStudioVersion = 10.0.40219.1
Project("{FAE04EC0-301F-11D3-BF4B-00C04F79EFBC}") = "ProyectoX", "ProyectoX\ProyectoX.csproj", "{7D523048-1373-447C-94AB-005A2C49D4ED}"
EndProject
Global
	GlobalSection(SolutionConfigurationPlatforms) = preSolution
		Debug|Any CPU = Debug|Any CPU
		Release|Any CPU = Release|Any CPU
	EndGlobalSection
	GlobalSection(ProjectConfigurationPlatforms) = postSolution
		{7D523048-1373-447C-94AB-005A2C49D4ED}.Debug|Any CPU.ActiveCfg = Debug|Any CPU
		{7D523048-1373-447C-94AB-005A2C49D4ED}.Debug|Any CPU.Build.0 = Debug|Any CPU
		{7D523048-1373-447C-94AB-005A2C49D4ED}.Release|Any CPU.ActiveCfg = Release|Any CPU
		{7D523048-1373-447C-94AB-005A2C49D4ED}.Release|Any CPU.Build.0 = Release|Any CPU
	EndGlobalSection
	GlobalSection(SolutionProperties) = preSolution
		HideSolutionNode = FALSE
	EndGlobalSection
	GlobalSection(ExtensibilityGlobals) = postSolution
		SolutionGuid = {EA7ED062-91B8-4ECA-8E4B-34488B279F2D}
	EndGlobalSection
EndGlobal
